<Solution>
  <Folder Name="/Benchmarks/">
    <Project Path="source/Benchmarks/Benchy/Benchy.csproj" />
  </Folder>
  <Folder Name="/JustyBase.Common/">
    <Project Path="source/JustyBase.Common/JustyBase.Common.Tools/JustyBase.Common.Tools.csproj" />
    <Project Path="source/JustyBase.Common/JustyBase.Common/JustyBase.Common.csproj" />
  </Folder>
  <Folder Name="/Plugins/">
    <Project Path="source/Plugins/DB2Plugin/DB2Plugin.csproj" />
    <Project Path="source/Plugins/DuckDBPlugin/DuckDBPlugin.csproj" />
    <Project Path="source/Plugins/MySqlPlugin/MySqlPlugin.csproj" />
    <Project Path="source/Plugins/NetezzaBase/NetezzaBase.csproj" />
    <Project Path="source/Plugins/NetezzaDotnetPlugin/NetezzaDotnetPlugin.csproj" />
    <Project Path="source/Plugins/NetezzaOdbcPlugin/NetezzaOdbcPlugin.csproj" />
    <Project Path="source/Plugins/OraclePlugin/OraclePlugin.csproj" />
    <Project Path="source/Plugins/PostgresPlugin/PostgresPlugin.csproj" />

    <Project Path="source/Plugins/SqlitePlugin/SqlitePlugin.csproj" />
  </Folder>
  <Folder Name="/Plugins/Helpers/">
    <Project Path="source/Plugins/Helpers/JustyBase.Helpers.Importers/JustyBase.Helpers.Importers.csproj" />
  </Folder>
  <Folder Name="/Tests/">
    <Project Path="source/JustyBase.HeadlessTests/JustyBase.HeadlessTests.csproj" />
    <Project Path="source/JustyBase.IntegrationTests/JustyBase.IntegrationTests.csproj" />
    <Project Path="source/JustyBase.LiveTests/JustyBase.LiveTests.csproj" />
    <Project Path="source/JustyBase.Tests/JustyBase.Tests.csproj" />
  </Folder>
  <Folder Name="/JustyBase.NetezzaSql/">
    <!-- Prefer local ProjectReferences when the optional sibling checkout is present. -->
    <Project Path="../JustyBase.NetezzaSql/JustyBase.NetezzaSqlParser.csproj" />
    <Project Path="../JustyBase.NetezzaSql/JustyBase.Netezza/JustyBase.Netezza.csproj" />
    <Project Path="../JustyBase.NetezzaSql/JustyBase.NetezzaDdl/JustyBase.NetezzaDdl.csproj" />
    <Project Path="../JustyBase.NetezzaSql/JustyBase.NetezzaCatalogSql/JustyBase.NetezzaCatalogSql.csproj" />
    <Project Path="../JustyBase.NetezzaSql/JustyBase.Core/JustyBase.Core.csproj" />
    <Project Path="../JustyBase.NetezzaSql/JustyBase.ImportExport/JustyBase.ImportExport.csproj" />
  </Folder>
  <Project Path="source/JustyBase.Ai.Embedded/JustyBase.Ai.Embedded.csproj" />
  <Project Path="source/JustyBase.PluginBase/JustyBase.PluginBase.csproj" />
  <Project Path="source/JustyBase.PluginCommon/JustyBase.PluginCommon.csproj" />
  <Project Path="source/JustyBase.Public.Lib/JustyBase.Public.Lib.csproj" />
  <Project Path="source/JustyBase/JustyBase.csproj" />
  <Project Path="source/SqlEditor.Avalonia/SqlEditor.Avalonia.csproj" />
</Solution>

